
Microsoft Visual Studio Solution File, Format Version 12.00
# Visual Studio Version 17
VisualStudioVersion = 17.1.32328.378
MinimumVisualStudioVersion = 10.0.40219.1
Project("{FAE04EC0-301F-11D3-BF4B-00C04F79EFBC}") = "ConsoleAppLinesThr", "ConsoleAppLinesThr\ConsoleAppLinesThr.csproj", "{F6D54C4B-F965-4FED-AB53-2BBE94A14681}"
EndProject
Global
	GlobalSection(SolutionConfigurationPlatforms) = preSolution
		Debug|Any CPU = Debug|Any CPU
		Release|Any CPU = Release|Any CPU
	EndGlobalSection
	GlobalSection(ProjectConfigurationPlatforms) = postSolution
		{F6D54C4B-F965-4FED-AB53-2BBE94A14681}.Debug|Any CPU.ActiveCfg = Debug|Any CPU
		{F6D54C4B-F965-4FED-AB53-2BBE94A14681}.Debug|Any CPU.Build.0 = Debug|Any CPU
		{F6D54C4B-F965-4FED-AB53-2BBE94A14681}.Release|Any CPU.ActiveCfg = Release|Any CPU
		{F6D54C4B-F965-4FED-AB53-2BBE94A14681}.Release|Any CPU.Build.0 = Release|Any CPU
	EndGlobalSection
	GlobalSection(SolutionProperties) = preSolution
		HideSolutionNode = FALSE
	EndGlobalSection
	GlobalSection(ExtensibilityGlobals) = postSolution
		SolutionGuid = {146F8B77-C492-4BCD-B650-DACC63475D84}
	EndGlobalSection
EndGlobal
